
Microsoft Visual Studio Solution File, Format Version 12.00
# Visual Studio 15
VisualStudioVersion = 15.0.27130.2027
MinimumVisualStudioVersion = 10.0.40219.1
Project("{FAE04EC0-301F-11D3-BF4B-00C04F79EFBC}") = "DotNetLesvoorbeeldLes2", "DotNetLesvoorbeeldLes2\DotNetLesvoorbeeldLes2.csproj", "{2A81DCD5-B888-40D9-9EF0-B273BB99FD3E}"
EndProject
Global
	GlobalSection(SolutionConfigurationPlatforms) = preSolution
		Debug|Any CPU = Debug|Any CPU
		Release|Any CPU = Release|Any CPU
	EndGlobalSection
	GlobalSection(ProjectConfigurationPlatforms) = postSolution
		{2A81DCD5-B888-40D9-9EF0-B273BB99FD3E}.Debug|Any CPU.ActiveCfg = Debug|Any CPU
		{2A81DCD5-B888-40D9-9EF0-B273BB99FD3E}.Debug|Any CPU.Build.0 = Debug|Any CPU
		{2A81DCD5-B888-40D9-9EF0-B273BB99FD3E}.Release|Any CPU.ActiveCfg = Release|Any CPU
		{2A81DCD5-B888-40D9-9EF0-B273BB99FD3E}.Release|Any CPU.Build.0 = Release|Any CPU
	EndGlobalSection
	GlobalSection(SolutionProperties) = preSolution
		HideSolutionNode = FALSE
	EndGlobalSection
	GlobalSection(ExtensibilityGlobals) = postSolution
		SolutionGuid = {F86936EF-2873-4FFF-A7C9-1D2A1116D6E8}
	EndGlobalSection
EndGlobal
